
Microsoft Visual Studio Solution File, Format Version 12.00
# Visual Studio Version 16
VisualStudioVersion = 16.0.29613.14
MinimumVisualStudioVersion = 10.0.40219.1
Project("{FAE04EC0-301F-11D3-BF4B-00C04F79EFBC}") = "MyTicTacToe", "MyTicTacToe\MyTicTacToe.csproj", "{410DCFE6-8568-4D40-A228-79E2299F02CD}"
EndProject
Global
	GlobalSection(SolutionConfigurationPlatforms) = preSolution
		Debug|Any CPU = Debug|Any CPU
		Release|Any CPU = Release|Any CPU
	EndGlobalSection
	GlobalSection(ProjectConfigurationPlatforms) = postSolution
		{410DCFE6-8568-4D40-A228-79E2299F02CD}.Debug|Any CPU.ActiveCfg = Debug|Any CPU
		{410DCFE6-8568-4D40-A228-79E2299F02CD}.Debug|Any CPU.Build.0 = Debug|Any CPU
		{410DCFE6-8568-4D40-A228-79E2299F02CD}.Release|Any CPU.ActiveCfg = Release|Any CPU
		{410DCFE6-8568-4D40-A228-79E2299F02CD}.Release|Any CPU.Build.0 = Release|Any CPU
	EndGlobalSection
	GlobalSection(SolutionProperties) = preSolution
		HideSolutionNode = FALSE
	EndGlobalSection
	GlobalSection(ExtensibilityGlobals) = postSolution
		SolutionGuid = {DE4DE8DC-E0CC-400C-BC8D-EA27C951EC59}
	EndGlobalSection
EndGlobal
